
Microsoft Visual Studio Solution File, Format Version 12.00
# Visual Studio Version 17
VisualStudioVersion = 17.5.2.0
MinimumVisualStudioVersion = 10.0.40219.1
Project("{2150E333-8FDC-42A3-9474-1A3956D46DE8}") = "src", "src", "{827E0CD3-B72D-47B6-A68D-7590B98EB39B}"
EndProject
Project("{2150E333-8FDC-42A3-9474-1A3956D46DE8}") = "AspNetCore", "AspNetCore", "{ED6807F8-77BA-3766-0FF0-3DABD1CE7DD6}"
EndProject
Project("{2150E333-8FDC-42A3-9474-1A3956D46DE8}") = "Endpoints", "Endpoints", "{BD39DD09-B1BB-34D8-4C00-C56AE56381D5}"
EndProject
Project("{FAE04EC0-301F-11D3-BF4B-00C04F79EFBC}") = "Femur.AspNetCore.Endpoints.Example", "src\AspNetCore\Endpoints\example\Femur.AspNetCore.Endpoints.Example.csproj", "{14AF9A55-1557-4BE9-8099-B4D29D778FD9}"
EndProject
Project("{FAE04EC0-301F-11D3-BF4B-00C04F79EFBC}") = "Femur.AspNetCore.Endpoints", "src\AspNetCore\Endpoints\src\Femur.AspNetCore.Endpoints.csproj", "{8999B0F8-9C52-419B-AAEE-5222365E5B7C}"
EndProject
Project("{2150E333-8FDC-42A3-9474-1A3956D46DE8}") = "tests", "tests", "{0AB3BF05-4346-4AA6-1389-037BE0695223}"
EndProject
Project("{FAE04EC0-301F-11D3-BF4B-00C04F79EFBC}") = "Benchmark", "tests\Benchmark\Benchmark.csproj", "{B0EAF3E5-3A71-4E67-91CA-59354F7BE1D5}"
EndProject
Project("{FAE04EC0-301F-11D3-BF4B-00C04F79EFBC}") = "Test", "tests\Test\Test.csproj", "{FB59F5C8-A0C8-4719-895F-B3DEB2C54D55}"
EndProject
Global
	GlobalSection(SolutionConfigurationPlatforms) = preSolution
		Debug|Any CPU = Debug|Any CPU
		Release|Any CPU = Release|Any CPU
	EndGlobalSection
	GlobalSection(ProjectConfigurationPlatforms) = postSolution
		{14AF9A55-1557-4BE9-8099-B4D29D778FD9}.Debug|Any CPU.ActiveCfg = Debug|Any CPU
		{14AF9A55-1557-4BE9-8099-B4D29D778FD9}.Debug|Any CPU.Build.0 = Debug|Any CPU
		{14AF9A55-1557-4BE9-8099-B4D29D778FD9}.Release|Any CPU.ActiveCfg = Release|Any CPU
		{14AF9A55-1557-4BE9-8099-B4D29D778FD9}.Release|Any CPU.Build.0 = Release|Any CPU
		{8999B0F8-9C52-419B-AAEE-5222365E5B7C}.Debug|Any CPU.ActiveCfg = Debug|Any CPU
		{8999B0F8-9C52-419B-AAEE-5222365E5B7C}.Debug|Any CPU.Build.0 = Debug|Any CPU
		{8999B0F8-9C52-419B-AAEE-5222365E5B7C}.Release|Any CPU.ActiveCfg = Release|Any CPU
		{8999B0F8-9C52-419B-AAEE-5222365E5B7C}.Release|Any CPU.Build.0 = Release|Any CPU
		{B0EAF3E5-3A71-4E67-91CA-59354F7BE1D5}.Debug|Any CPU.ActiveCfg = Debug|Any CPU
		{B0EAF3E5-3A71-4E67-91CA-59354F7BE1D5}.Debug|Any CPU.Build.0 = Debug|Any CPU
		{B0EAF3E5-3A71-4E67-91CA-59354F7BE1D5}.Release|Any CPU.ActiveCfg = Release|Any CPU
		{B0EAF3E5-3A71-4E67-91CA-59354F7BE1D5}.Release|Any CPU.Build.0 = Release|Any CPU
		{FB59F5C8-A0C8-4719-895F-B3DEB2C54D55}.Debug|Any CPU.ActiveCfg = Debug|Any CPU
		{FB59F5C8-A0C8-4719-895F-B3DEB2C54D55}.Debug|Any CPU.Build.0 = Debug|Any CPU
		{FB59F5C8-A0C8-4719-895F-B3DEB2C54D55}.Release|Any CPU.ActiveCfg = Release|Any CPU
		{FB59F5C8-A0C8-4719-895F-B3DEB2C54D55}.Release|Any CPU.Build.0 = Release|Any CPU
	EndGlobalSection
	GlobalSection(SolutionProperties) = preSolution
		HideSolutionNode = FALSE
	EndGlobalSection
	GlobalSection(NestedProjects) = preSolution
		{ED6807F8-77BA-3766-0FF0-3DABD1CE7DD6} = {827E0CD3-B72D-47B6-A68D-7590B98EB39B}
		{BD39DD09-B1BB-34D8-4C00-C56AE56381D5} = {ED6807F8-77BA-3766-0FF0-3DABD1CE7DD6}
		{14AF9A55-1557-4BE9-8099-B4D29D778FD9} = {BD39DD09-B1BB-34D8-4C00-C56AE56381D5}
		{8999B0F8-9C52-419B-AAEE-5222365E5B7C} = {BD39DD09-B1BB-34D8-4C00-C56AE56381D5}
		{B0EAF3E5-3A71-4E67-91CA-59354F7BE1D5} = {0AB3BF05-4346-4AA6-1389-037BE0695223}
		{FB59F5C8-A0C8-4719-895F-B3DEB2C54D55} = {0AB3BF05-4346-4AA6-1389-037BE0695223}
	EndGlobalSection
	GlobalSection(ExtensibilityGlobals) = postSolution
		SolutionGuid = {1A0ED55D-C36C-4137-84CC-846D07E594E4}
	EndGlobalSection
EndGlobal
