<Solution>
  <Folder Name="/src/src/">
    <Project Path="src/src/Femur.csproj" />
  </Folder>

  <Folder Name="/src/Serialization/src/">
    <Project Path="src/Serialization/src/Femur.Serialization.csproj" />
  </Folder>

  <Folder Name="/src/Serialization/tests/">
    <Project Path="src/Serialization/tests/Femur.Serialization.Tests.csproj" />
  </Folder>

  <Folder Name="/src/FileSystem/src/">
    <Project Path="src/FileSystem/src/Femur.FileSystem.csproj" />
  </Folder>

  <Folder Name="/src/FileSystem/tests/">
    <Project Path="src/FileSystem/tests/Femur.FileSystem.Tests.csproj" />
  </Folder>

  <Folder Name="/src/FileSystem/AzureBlob/src/">
    <Project Path="src/FileSystem/AzureBlob/src/Femur.FileSystem.AzureBlob.csproj" />
  </Folder>

  <Folder Name="/src/AspNetCore/src/">
    <Project Path="src/AspNetCore/src/Femur.AspNetCore.csproj" />
  </Folder>

  <Folder Name="/src/AspNetCore/Endpoints/src/">
    <Project Path="src/AspNetCore/Endpoints/src/Femur.AspNetCore.Endpoints.csproj" />
  </Folder>

  <Folder Name="/src/AspNetCore/Endpoints/example/">
    <Project Path="src/AspNetCore/Endpoints/example/Femur.AspNetCore.Endpoints.Example.csproj" />
  </Folder>

  <Folder Name="/src/Hosting/src/">
    <Project Path="src/Hosting/src/Femur.Hosting.csproj" />
  </Folder>

  <Folder Name="/src/Hosting/example/">
    <Project Path="src/Hosting/example/Femur.Hosting.Example.csproj" />
  </Folder>

  <Folder Name="/src/Hosting/Web/src/">
    <Project Path="src/Hosting/Web/src/Femur.Hosting.Web.csproj" />
  </Folder>

  <Folder Name="/src/Hosting/Web/example/">
    <Project Path="src/Hosting/Web/example/Femur.Hosting.Web.Example.csproj" />
  </Folder>

  <Folder Name="/src/Parsing/src/">
    <Project Path="src/Parsing/src/Femur.Parsing.csproj" />
  </Folder>

  <Folder Name="/src/Markup.Abstractions/src/">
    <Project Path="src/Markup.Abstractions/src/Femur.Markup.Abstractions.csproj" />
  </Folder>

  <Folder Name="/src/Html/Parser/src/">
    <Project Path="src/Html/Parser/src/Femur.Html.Parser.csproj" />
  </Folder>

  <Folder Name="/src/Chtml/Parser/src/">
    <Project Path="src/Chtml/Parser/src/Femur.Chtml.Parser.csproj" />
  </Folder>

  <Folder Name="/src/Chtml/CSharpRenderer/src/">
    <Project Path="src/Chtml/CSharpRenderer/src/Femur.Chtml.CSharpRenderer.csproj" />
  </Folder>

  <Folder Name="/src/Chtml/Runtime/src/">
    <Project Path="src/Chtml/Runtime/src/Femur.Chtml.Runtime.csproj" />
  </Folder>

  <Folder Name="/src/Chtml/CSharpRenderer/examples/SimpleTemplates/">
    <Project Path="src/Chtml/CSharpRenderer/examples/SimpleTemplates/SimpleTemplates.csproj" />
  </Folder>

  <Folder Name="/src/DependencyInjection/src/">
    <Project Path="src/DependencyInjection/src/Femur.DependencyInjection.csproj" />
  </Folder>

  <Folder Name="/src/DependencyInjection/tests/">
    <Project Path="src/DependencyInjection/tests/DependencyInjectionTests.csproj" />
  </Folder>

  <Folder Name="/src/Logging/Bootstrap/src/">
    <Project Path="src/Logging/Bootstrap/src/Femur.Logging.Bootstrap.csproj" />
  </Folder>

  <Folder Name="/src/Logging/Bootstrap/tests/">
    <Project Path="src/Logging/Bootstrap/tests/LoggingBootstrapTests.csproj" />
  </Folder>

  <Folder Name="/src/Logging/examples/BasicExample/">
    <Project Path="src/Logging/examples/BasicExample/Femur.Logging.Example.csproj" />
  </Folder>

  <Folder Name="/src/Logging/examples/AdvancedExample/">
    <Project Path="src/Logging/examples/AdvancedExample/Femur.Logging.AdvancedExample.csproj" />
  </Folder>

  <Folder Name="/src/Xml/Abstractions/src/">
    <Project Path="src/Xml/Abstractions/src/Femur.Xml.Abstractions.csproj" />
  </Folder>

  <Folder Name="/src/Xml/Parser/src/">
    <Project Path="src/Xml/Parser/src/Femur.Xml.Parser.csproj" />
  </Folder>

  <Folder Name="/src/Markdown/Abstractions/src/">
    <Project Path="src/Markdown/Abstractions/src/Femur.Markdown.Abstractions.csproj" />
  </Folder>

  <Folder Name="/src/Markdown/Parser/src/">
    <Project Path="src/Markdown/Parser/src/Femur.Markdown.Parser.csproj" />
  </Folder>

  <Folder Name="/src/Markdown/Renderer/src/">
    <Project Path="src/Markdown/Renderer/src/Femur.Markdown.Renderer.csproj" />
  </Folder>

  <Folder Name="/src/Markdown/Extended/Abstractions/src/">
    <Project Path="src/Markdown/Extended/Abstractions/src/Femur.Markdown.Extended.Abstractions.csproj" />
  </Folder>

  <Folder Name="/src/Markdown/Extended/Parser/src/">
    <Project Path="src/Markdown/Extended/Parser/src/Femur.Markdown.Extended.Parser.csproj" />
  </Folder>

  <Folder Name="/src/Markdown/Extended/tests/">
    <Project Path="src/Markdown/Extended/tests/ExtendedMarkdownParserTests/ExtendedMarkdownParserTests.csproj" />
  </Folder>

  <Folder Name="/src/Parsing/tests/">
    <Project Path="src/Parsing/tests/StreamParserTests/StreamParserTests.csproj" />
  </Folder>

  <Folder Name="/src/Html/tests/">
    <Project Path="src/Html/tests/HtmlParserTests/HtmlParserTests.csproj" />
    <Project Path="src/Html/tests/HtmlParserTests.NetStandard20/HtmlParserTests.NetStandard20.csproj" />
  </Folder>

  <Folder Name="/src/Chtml/Parser/tests/">
    <Project Path="src/Chtml/Parser/tests/ChtmlParserTests/ChtmlParserTests.csproj" />
    <Project Path="src/Chtml/Parser/tests/ChtmlParserTests.NetStandard20/ChtmlParserTests.NetStandard20.csproj" />
  </Folder>

  <Folder Name="/src/Xml/tests/">
    <Project Path="src/Xml/tests/XmlParserTests/XmlParserTests.csproj" />
    <Project Path="src/Xml/tests/XmlParserTests.NetStandard20/XmlParserTests.NetStandard20.csproj" />
  </Folder>

  <Folder Name="/src/Markdown/tests/">
    <Project Path="src/Markdown/tests/MarkdownParserTests/MarkdownParserTests.csproj" />
    <Project Path="src/Markdown/tests/MarkdownParserTests.NetStandard20/MarkdownParserTests.NetStandard20.csproj" />
    <Project Path="src/Markdown/tests/MarkdownRendererTests/MarkdownRendererTests.csproj" />
  </Folder>

  <Folder Name="/src/tests/">
    <Project Path="src/tests/Femur.Tests.csproj" />
  </Folder>

  <Folder Name="/tests/Benchmark/">
    <Project Path="tests/Benchmark/Benchmark.csproj" />
  </Folder>

  <Folder Name="/tests/Test/">
    <Project Path="tests/Test/Test.csproj" />
  </Folder>
</Solution>


